
Microsoft Visual Studio Solution File, Format Version 12.00
Project("{FAE04EC0-301F-11D3-BF4B-00C04F79EFBC}") = "TaskManager.Trello", "TaskManager.Trello\TaskManager.Trello.csproj", "{2E456275-FD9B-4534-AF1C-8412A830AF6D}"
EndProject
Project("{FAE04EC0-301F-11D3-BF4B-00C04F79EFBC}") = "TaskManager.Common", "TaskManager.Common\TaskManager.Common.csproj", "{542B5918-5FBC-44DA-94F2-53B28901F44A}"
EndProject
Project("{FAE04EC0-301F-11D3-BF4B-00C04F79EFBC}") = "TaskManager.Ioc", "TaskManager.Ioc\TaskManager.Ioc.csproj", "{D32B3297-348D-460F-9178-FE064893A53E}"
EndProject
Project("{FAE04EC0-301F-11D3-BF4B-00C04F79EFBC}") = "TaskManager.Bot", "TaskManager.Bot\TaskManager.Bot.csproj", "{EA85D952-BA8B-402A-93CD-28DB3A94CBDA}"
EndProject
Project("{FAE04EC0-301F-11D3-BF4B-00C04F79EFBC}") = "TaskManager.Bot.WebHook", "TaskManager.Bot.WebHook\TaskManager.Bot.WebHook.csproj", "{09C2D8A5-DEE0-4929-B2FB-F9403645E2BC}"
EndProject
Project("{FAE04EC0-301F-11D3-BF4B-00C04F79EFBC}") = "TelegramBot.Core", "TelegramBot.Core\TelegramBot.Core.csproj", "{39B13E2C-5C8C-452D-9353-5633183F72F1}"
EndProject
Project("{FAE04EC0-301F-11D3-BF4B-00C04F79EFBC}") = "TaskManager.Common.Tests", "TaskManager.Common.Tests\TaskManager.Common.Tests.csproj", "{76896F97-915E-481F-BE75-A39F6EA11968}"
EndProject
Project("{FAE04EC0-301F-11D3-BF4B-00C04F79EFBC}") = "TaskManager.Reminder", "TaskManager.Reminder\TaskManager.Reminder.csproj", "{70D9BB32-FCC8-42FE-9565-DC7D857F94D1}"
EndProject
Global
	GlobalSection(SolutionConfigurationPlatforms) = preSolution
		Debug|Any CPU = Debug|Any CPU
		Release|Any CPU = Release|Any CPU
	EndGlobalSection
	GlobalSection(ProjectConfigurationPlatforms) = postSolution
		{2E456275-FD9B-4534-AF1C-8412A830AF6D}.Debug|Any CPU.ActiveCfg = Debug|Any CPU
		{2E456275-FD9B-4534-AF1C-8412A830AF6D}.Debug|Any CPU.Build.0 = Debug|Any CPU
		{2E456275-FD9B-4534-AF1C-8412A830AF6D}.Release|Any CPU.ActiveCfg = Release|Any CPU
		{2E456275-FD9B-4534-AF1C-8412A830AF6D}.Release|Any CPU.Build.0 = Release|Any CPU
		{542B5918-5FBC-44DA-94F2-53B28901F44A}.Debug|Any CPU.ActiveCfg = Debug|Any CPU
		{542B5918-5FBC-44DA-94F2-53B28901F44A}.Debug|Any CPU.Build.0 = Debug|Any CPU
		{542B5918-5FBC-44DA-94F2-53B28901F44A}.Release|Any CPU.ActiveCfg = Release|Any CPU
		{542B5918-5FBC-44DA-94F2-53B28901F44A}.Release|Any CPU.Build.0 = Release|Any CPU
		{D32B3297-348D-460F-9178-FE064893A53E}.Debug|Any CPU.ActiveCfg = Debug|Any CPU
		{D32B3297-348D-460F-9178-FE064893A53E}.Debug|Any CPU.Build.0 = Debug|Any CPU
		{D32B3297-348D-460F-9178-FE064893A53E}.Release|Any CPU.ActiveCfg = Release|Any CPU
		{D32B3297-348D-460F-9178-FE064893A53E}.Release|Any CPU.Build.0 = Release|Any CPU
		{EA85D952-BA8B-402A-93CD-28DB3A94CBDA}.Debug|Any CPU.ActiveCfg = Debug|Any CPU
		{EA85D952-BA8B-402A-93CD-28DB3A94CBDA}.Debug|Any CPU.Build.0 = Debug|Any CPU
		{EA85D952-BA8B-402A-93CD-28DB3A94CBDA}.Release|Any CPU.ActiveCfg = Release|Any CPU
		{EA85D952-BA8B-402A-93CD-28DB3A94CBDA}.Release|Any CPU.Build.0 = Release|Any CPU
		{09C2D8A5-DEE0-4929-B2FB-F9403645E2BC}.Debug|Any CPU.ActiveCfg = Debug|Any CPU
		{09C2D8A5-DEE0-4929-B2FB-F9403645E2BC}.Debug|Any CPU.Build.0 = Debug|Any CPU
		{09C2D8A5-DEE0-4929-B2FB-F9403645E2BC}.Release|Any CPU.ActiveCfg = Release|Any CPU
		{09C2D8A5-DEE0-4929-B2FB-F9403645E2BC}.Release|Any CPU.Build.0 = Release|Any CPU
		{39B13E2C-5C8C-452D-9353-5633183F72F1}.Debug|Any CPU.ActiveCfg = Debug|Any CPU
		{39B13E2C-5C8C-452D-9353-5633183F72F1}.Debug|Any CPU.Build.0 = Debug|Any CPU
		{39B13E2C-5C8C-452D-9353-5633183F72F1}.Release|Any CPU.ActiveCfg = Release|Any CPU
		{39B13E2C-5C8C-452D-9353-5633183F72F1}.Release|Any CPU.Build.0 = Release|Any CPU
		{76896F97-915E-481F-BE75-A39F6EA11968}.Debug|Any CPU.ActiveCfg = Debug|Any CPU
		{76896F97-915E-481F-BE75-A39F6EA11968}.Debug|Any CPU.Build.0 = Debug|Any CPU
		{76896F97-915E-481F-BE75-A39F6EA11968}.Release|Any CPU.ActiveCfg = Release|Any CPU
		{76896F97-915E-481F-BE75-A39F6EA11968}.Release|Any CPU.Build.0 = Release|Any CPU
		{70D9BB32-FCC8-42FE-9565-DC7D857F94D1}.Debug|Any CPU.ActiveCfg = Debug|Any CPU
		{70D9BB32-FCC8-42FE-9565-DC7D857F94D1}.Debug|Any CPU.Build.0 = Debug|Any CPU
		{70D9BB32-FCC8-42FE-9565-DC7D857F94D1}.Release|Any CPU.ActiveCfg = Release|Any CPU
		{70D9BB32-FCC8-42FE-9565-DC7D857F94D1}.Release|Any CPU.Build.0 = Release|Any CPU
	EndGlobalSection
EndGlobal
